
Microsoft Visual Studio Solution File, Format Version 12.00
# Visual Studio Version 17
VisualStudioVersion = 17.0.31903.59
MinimumVisualStudioVersion = 10.0.40219.1
Project("{FAE04EC0-301F-11D3-BF4B-00C04F79EFBC}") = "DependencyInject", "DependencyInject\DependencyInject.csproj", "{E9FD34CC-2B06-42A7-BA25-D7E3E7082D2E}"
EndProject
Project("{FAE04EC0-301F-11D3-BF4B-00C04F79EFBC}") = "MiddleWare", "MiddleWare\MiddleWare.csproj", "{AB2481B6-5315-467F-BA46-CFB5086641DD}"
EndProject
Project("{FAE04EC0-301F-11D3-BF4B-00C04F79EFBC}") = "Utils", "Utils\Utils.csproj", "{B20A197C-B764-4D1F-91B6-1DBB1DB97E70}"
EndProject
Project("{FAE04EC0-301F-11D3-BF4B-00C04F79EFBC}") = "Mok.Modularity", "Mok.Modularity\Mok.Modularity.csproj", "{D25E7188-5B85-452A-A4BD-3BE79B3DCCFD}"
EndProject
Project("{FAE04EC0-301F-11D3-BF4B-00C04F79EFBC}") = "HomeSys", "HomeSys\HomeSys.csproj", "{AEF57866-B629-44B4-90C4-046B0F22DD34}"
EndProject
Project("{FAE04EC0-301F-11D3-BF4B-00C04F79EFBC}") = "Mok.AspNetCore", "Mok.AspNetCore\Mok.AspNetCore.csproj", "{9D0036D6-9462-4F91-B529-0C80D4C82B38}"
EndProject
Project("{2150E333-8FDC-42A3-9474-1A3956D46DE8}") = "Demo", "Demo", "{02EA681E-C7D8-13C7-8484-4AC65E1B71E8}"
EndProject
Project("{FAE04EC0-301F-11D3-BF4B-00C04F79EFBC}") = "FileServer", "FileServer\FileServer.csproj", "{7FBCCCB0-60A1-46B1-BD3B-114084EFF133}"
EndProject
Project("{FAE04EC0-301F-11D3-BF4B-00C04F79EFBC}") = "AssemblyAndReflection", "AssemblyAndReflection\AssemblyAndReflection.csproj", "{DBF6C31D-CABD-47A2-BA6C-2E8284EFA934}"
EndProject
Project("{FAE04EC0-301F-11D3-BF4B-00C04F79EFBC}") = "MiniAspNetCore", "MiniAspNetCore\MiniAspNetCore.csproj", "{15B1D323-90CB-46E5-BC57-EF3328E9132E}"
EndProject
Project("{FAE04EC0-301F-11D3-BF4B-00C04F79EFBC}") = "DDDCore", "DDDCore\DDDCore.csproj", "{0F0285B4-57C5-4546-AFE5-A3DD0D4DCE99}"
EndProject
Project("{FAE04EC0-301F-11D3-BF4B-00C04F79EFBC}") = "DDD.ECommerce", "DDD.ECommerce\DDD.ECommerce.csproj", "{44A296D5-66C5-4E20-8560-2D29787C899F}"
EndProject
Project("{2150E333-8FDC-42A3-9474-1A3956D46DE8}") = "AuthenticateAuthorization", "AuthenticateAuthorization", "{14076C43-BDEE-45CC-8C1D-44EED2F8128D}"
	ProjectSection(SolutionItems) = preProject
		ConsoleApp1\BasicAuth-Usage.md = ConsoleApp1\BasicAuth-Usage.md
		ConsoleApp1\IdentityServer4-Usage.md = ConsoleApp1\IdentityServer4-Usage.md
		ConsoleApp1\OpenIddict-Usage.md = ConsoleApp1\OpenIddict-Usage.md
		ConsoleApp1\README-Module1.md = ConsoleApp1\README-Module1.md
		ConsoleApp1\README-Module2.md = ConsoleApp1\README-Module2.md
		ConsoleApp1\README-Module3.md = ConsoleApp1\README-Module3.md
		ConsoleApp1\README-Module4.md = ConsoleApp1\README-Module4.md
		ConsoleApp1\SSO-Usage.md = ConsoleApp1\SSO-Usage.md
	EndProjectSection
EndProject
Project("{FAE04EC0-301F-11D3-BF4B-00C04F79EFBC}") = "BasicAuth", "BasicAuth\BasicAuth.csproj", "{C994C495-3350-4ED9-8D12-DE75AB68BAF7}"
EndProject
Project("{2150E333-8FDC-42A3-9474-1A3956D46DE8}") = "OpenIddictDemo", "OpenIddictDemo", "{388B4F00-20D9-4717-8EFD-0F048AE95AF9}"
EndProject
Project("{FAE04EC0-301F-11D3-BF4B-00C04F79EFBC}") = "ApiResource", "ApiResource\ApiResource.csproj", "{06FEF73C-92AE-4E0F-B91A-C011CFBC0943}"
EndProject
Project("{FAE04EC0-301F-11D3-BF4B-00C04F79EFBC}") = "AuthServer", "AuthServer\AuthServer.csproj", "{D3108F48-B1F6-4365-8CB0-B88BA8B233D7}"
EndProject
Project("{2150E333-8FDC-42A3-9474-1A3956D46DE8}") = "IdentityServer4Demo", "IdentityServer4Demo", "{4D2386C2-784F-4F36-B31B-DCAF2473D8CD}"
	ProjectSection(SolutionItems) = preProject
		ConsoleApp1\IdentityServer4-Usage.md = ConsoleApp1\IdentityServer4-Usage.md
	EndProjectSection
EndProject
Project("{FAE04EC0-301F-11D3-BF4B-00C04F79EFBC}") = "Id4sApiResource", "Id4sApiResource\Id4sApiResource.csproj", "{D94F23AD-EBD5-48DD-9522-9709654993FE}"
EndProject
Project("{FAE04EC0-301F-11D3-BF4B-00C04F79EFBC}") = "IdentityServer", "IdentityServer\IdentityServer.csproj", "{C845A925-466F-4965-B09F-0007C190C0EC}"
EndProject
Project("{FAE04EC0-301F-11D3-BF4B-00C04F79EFBC}") = "Id4sWebClient", "Id4sWebClient\Id4sWebClient.csproj", "{52CB7A15-3A44-4B10-A97A-B6E2263F5DA4}"
EndProject
Project("{2150E333-8FDC-42A3-9474-1A3956D46DE8}") = "SSODemo", "SSODemo", "{27EB5E76-CE10-4D4E-89D3-6BA2DC34307B}"
EndProject
Project("{FAE04EC0-301F-11D3-BF4B-00C04F79EFBC}") = "SSOAuthServer", "SSOAuthServer\SSOAuthServer.csproj", "{FFC3CC83-2FC4-4AD6-923B-65D4D58DAA70}"
EndProject
Project("{FAE04EC0-301F-11D3-BF4B-00C04F79EFBC}") = "SSOPortal", "SSOPortal\SSOPortal.csproj", "{B73F4380-5F4E-45EB-8B7C-50351AFBFBBC}"
EndProject
Global
	GlobalSection(SolutionConfigurationPlatforms) = preSolution
		Debug|Any CPU = Debug|Any CPU
		Debug|x64 = Debug|x64
		Debug|x86 = Debug|x86
		Release|Any CPU = Release|Any CPU
		Release|x64 = Release|x64
		Release|x86 = Release|x86
	EndGlobalSection
	GlobalSection(ProjectConfigurationPlatforms) = postSolution
		{E9FD34CC-2B06-42A7-BA25-D7E3E7082D2E}.Debug|Any CPU.ActiveCfg = Debug|Any CPU
		{E9FD34CC-2B06-42A7-BA25-D7E3E7082D2E}.Debug|Any CPU.Build.0 = Debug|Any CPU
		{E9FD34CC-2B06-42A7-BA25-D7E3E7082D2E}.Debug|x64.ActiveCfg = Debug|Any CPU
		{E9FD34CC-2B06-42A7-BA25-D7E3E7082D2E}.Debug|x64.Build.0 = Debug|Any CPU
		{E9FD34CC-2B06-42A7-BA25-D7E3E7082D2E}.Debug|x86.ActiveCfg = Debug|Any CPU
		{E9FD34CC-2B06-42A7-BA25-D7E3E7082D2E}.Debug|x86.Build.0 = Debug|Any CPU
		{E9FD34CC-2B06-42A7-BA25-D7E3E7082D2E}.Release|Any CPU.ActiveCfg = Release|Any CPU
		{E9FD34CC-2B06-42A7-BA25-D7E3E7082D2E}.Release|Any CPU.Build.0 = Release|Any CPU
		{E9FD34CC-2B06-42A7-BA25-D7E3E7082D2E}.Release|x64.ActiveCfg = Release|Any CPU
		{E9FD34CC-2B06-42A7-BA25-D7E3E7082D2E}.Release|x64.Build.0 = Release|Any CPU
		{E9FD34CC-2B06-42A7-BA25-D7E3E7082D2E}.Release|x86.ActiveCfg = Release|Any CPU
		{E9FD34CC-2B06-42A7-BA25-D7E3E7082D2E}.Release|x86.Build.0 = Release|Any CPU
		{AB2481B6-5315-467F-BA46-CFB5086641DD}.Debug|Any CPU.ActiveCfg = Debug|Any CPU
		{AB2481B6-5315-467F-BA46-CFB5086641DD}.Debug|Any CPU.Build.0 = Debug|Any CPU
		{AB2481B6-5315-467F-BA46-CFB5086641DD}.Debug|x64.ActiveCfg = Debug|Any CPU
		{AB2481B6-5315-467F-BA46-CFB5086641DD}.Debug|x64.Build.0 = Debug|Any CPU
		{AB2481B6-5315-467F-BA46-CFB5086641DD}.Debug|x86.ActiveCfg = Debug|Any CPU
		{AB2481B6-5315-467F-BA46-CFB5086641DD}.Debug|x86.Build.0 = Debug|Any CPU
		{AB2481B6-5315-467F-BA46-CFB5086641DD}.Release|Any CPU.ActiveCfg = Release|Any CPU
		{AB2481B6-5315-467F-BA46-CFB5086641DD}.Release|Any CPU.Build.0 = Release|Any CPU
		{AB2481B6-5315-467F-BA46-CFB5086641DD}.Release|x64.ActiveCfg = Release|Any CPU
		{AB2481B6-5315-467F-BA46-CFB5086641DD}.Release|x64.Build.0 = Release|Any CPU
		{AB2481B6-5315-467F-BA46-CFB5086641DD}.Release|x86.ActiveCfg = Release|Any CPU
		{AB2481B6-5315-467F-BA46-CFB5086641DD}.Release|x86.Build.0 = Release|Any CPU
		{B20A197C-B764-4D1F-91B6-1DBB1DB97E70}.Debug|Any CPU.ActiveCfg = Debug|Any CPU
		{B20A197C-B764-4D1F-91B6-1DBB1DB97E70}.Debug|Any CPU.Build.0 = Debug|Any CPU
		{B20A197C-B764-4D1F-91B6-1DBB1DB97E70}.Debug|x64.ActiveCfg = Debug|Any CPU
		{B20A197C-B764-4D1F-91B6-1DBB1DB97E70}.Debug|x64.Build.0 = Debug|Any CPU
		{B20A197C-B764-4D1F-91B6-1DBB1DB97E70}.Debug|x86.ActiveCfg = Debug|Any CPU
		{B20A197C-B764-4D1F-91B6-1DBB1DB97E70}.Debug|x86.Build.0 = Debug|Any CPU
		{B20A197C-B764-4D1F-91B6-1DBB1DB97E70}.Release|Any CPU.ActiveCfg = Release|Any CPU
		{B20A197C-B764-4D1F-91B6-1DBB1DB97E70}.Release|Any CPU.Build.0 = Release|Any CPU
		{B20A197C-B764-4D1F-91B6-1DBB1DB97E70}.Release|x64.ActiveCfg = Release|Any CPU
		{B20A197C-B764-4D1F-91B6-1DBB1DB97E70}.Release|x64.Build.0 = Release|Any CPU
		{B20A197C-B764-4D1F-91B6-1DBB1DB97E70}.Release|x86.ActiveCfg = Release|Any CPU
		{B20A197C-B764-4D1F-91B6-1DBB1DB97E70}.Release|x86.Build.0 = Release|Any CPU
		{D25E7188-5B85-452A-A4BD-3BE79B3DCCFD}.Debug|Any CPU.ActiveCfg = Debug|Any CPU
		{D25E7188-5B85-452A-A4BD-3BE79B3DCCFD}.Debug|Any CPU.Build.0 = Debug|Any CPU
		{D25E7188-5B85-452A-A4BD-3BE79B3DCCFD}.Debug|x64.ActiveCfg = Debug|Any CPU
		{D25E7188-5B85-452A-A4BD-3BE79B3DCCFD}.Debug|x64.Build.0 = Debug|Any CPU
		{D25E7188-5B85-452A-A4BD-3BE79B3DCCFD}.Debug|x86.ActiveCfg = Debug|Any CPU
		{D25E7188-5B85-452A-A4BD-3BE79B3DCCFD}.Debug|x86.Build.0 = Debug|Any CPU
		{D25E7188-5B85-452A-A4BD-3BE79B3DCCFD}.Release|Any CPU.ActiveCfg = Release|Any CPU
		{D25E7188-5B85-452A-A4BD-3BE79B3DCCFD}.Release|Any CPU.Build.0 = Release|Any CPU
		{D25E7188-5B85-452A-A4BD-3BE79B3DCCFD}.Release|x64.ActiveCfg = Release|Any CPU
		{D25E7188-5B85-452A-A4BD-3BE79B3DCCFD}.Release|x64.Build.0 = Release|Any CPU
		{D25E7188-5B85-452A-A4BD-3BE79B3DCCFD}.Release|x86.ActiveCfg = Release|Any CPU
		{D25E7188-5B85-452A-A4BD-3BE79B3DCCFD}.Release|x86.Build.0 = Release|Any CPU
		{AEF57866-B629-44B4-90C4-046B0F22DD34}.Debug|Any CPU.ActiveCfg = Debug|Any CPU
		{AEF57866-B629-44B4-90C4-046B0F22DD34}.Debug|Any CPU.Build.0 = Debug|Any CPU
		{AEF57866-B629-44B4-90C4-046B0F22DD34}.Debug|x64.ActiveCfg = Debug|Any CPU
		{AEF57866-B629-44B4-90C4-046B0F22DD34}.Debug|x64.Build.0 = Debug|Any CPU
		{AEF57866-B629-44B4-90C4-046B0F22DD34}.Debug|x86.ActiveCfg = Debug|Any CPU
		{AEF57866-B629-44B4-90C4-046B0F22DD34}.Debug|x86.Build.0 = Debug|Any CPU
		{AEF57866-B629-44B4-90C4-046B0F22DD34}.Release|Any CPU.ActiveCfg = Release|Any CPU
		{AEF57866-B629-44B4-90C4-046B0F22DD34}.Release|Any CPU.Build.0 = Release|Any CPU
		{AEF57866-B629-44B4-90C4-046B0F22DD34}.Release|x64.ActiveCfg = Release|Any CPU
		{AEF57866-B629-44B4-90C4-046B0F22DD34}.Release|x64.Build.0 = Release|Any CPU
		{AEF57866-B629-44B4-90C4-046B0F22DD34}.Release|x86.ActiveCfg = Release|Any CPU
		{AEF57866-B629-44B4-90C4-046B0F22DD34}.Release|x86.Build.0 = Release|Any CPU
		{9D0036D6-9462-4F91-B529-0C80D4C82B38}.Debug|Any CPU.ActiveCfg = Debug|Any CPU
		{9D0036D6-9462-4F91-B529-0C80D4C82B38}.Debug|Any CPU.Build.0 = Debug|Any CPU
		{9D0036D6-9462-4F91-B529-0C80D4C82B38}.Debug|x64.ActiveCfg = Debug|Any CPU
		{9D0036D6-9462-4F91-B529-0C80D4C82B38}.Debug|x64.Build.0 = Debug|Any CPU
		{9D0036D6-9462-4F91-B529-0C80D4C82B38}.Debug|x86.ActiveCfg = Debug|Any CPU
		{9D0036D6-9462-4F91-B529-0C80D4C82B38}.Debug|x86.Build.0 = Debug|Any CPU
		{9D0036D6-9462-4F91-B529-0C80D4C82B38}.Release|Any CPU.ActiveCfg = Release|Any CPU
		{9D0036D6-9462-4F91-B529-0C80D4C82B38}.Release|Any CPU.Build.0 = Release|Any CPU
		{9D0036D6-9462-4F91-B529-0C80D4C82B38}.Release|x64.ActiveCfg = Release|Any CPU
		{9D0036D6-9462-4F91-B529-0C80D4C82B38}.Release|x64.Build.0 = Release|Any CPU
		{9D0036D6-9462-4F91-B529-0C80D4C82B38}.Release|x86.ActiveCfg = Release|Any CPU
		{9D0036D6-9462-4F91-B529-0C80D4C82B38}.Release|x86.Build.0 = Release|Any CPU
		{7FBCCCB0-60A1-46B1-BD3B-114084EFF133}.Debug|Any CPU.ActiveCfg = Debug|Any CPU
		{7FBCCCB0-60A1-46B1-BD3B-114084EFF133}.Debug|Any CPU.Build.0 = Debug|Any CPU
		{7FBCCCB0-60A1-46B1-BD3B-114084EFF133}.Debug|x64.ActiveCfg = Debug|Any CPU
		{7FBCCCB0-60A1-46B1-BD3B-114084EFF133}.Debug|x64.Build.0 = Debug|Any CPU
		{7FBCCCB0-60A1-46B1-BD3B-114084EFF133}.Debug|x86.ActiveCfg = Debug|Any CPU
		{7FBCCCB0-60A1-46B1-BD3B-114084EFF133}.Debug|x86.Build.0 = Debug|Any CPU
		{7FBCCCB0-60A1-46B1-BD3B-114084EFF133}.Release|Any CPU.ActiveCfg = Release|Any CPU
		{7FBCCCB0-60A1-46B1-BD3B-114084EFF133}.Release|Any CPU.Build.0 = Release|Any CPU
		{7FBCCCB0-60A1-46B1-BD3B-114084EFF133}.Release|x64.ActiveCfg = Release|Any CPU
		{7FBCCCB0-60A1-46B1-BD3B-114084EFF133}.Release|x64.Build.0 = Release|Any CPU
		{7FBCCCB0-60A1-46B1-BD3B-114084EFF133}.Release|x86.ActiveCfg = Release|Any CPU
		{7FBCCCB0-60A1-46B1-BD3B-114084EFF133}.Release|x86.Build.0 = Release|Any CPU
		{DBF6C31D-CABD-47A2-BA6C-2E8284EFA934}.Debug|Any CPU.ActiveCfg = Debug|Any CPU
		{DBF6C31D-CABD-47A2-BA6C-2E8284EFA934}.Debug|Any CPU.Build.0 = Debug|Any CPU
		{DBF6C31D-CABD-47A2-BA6C-2E8284EFA934}.Debug|x64.ActiveCfg = Debug|Any CPU
		{DBF6C31D-CABD-47A2-BA6C-2E8284EFA934}.Debug|x64.Build.0 = Debug|Any CPU
		{DBF6C31D-CABD-47A2-BA6C-2E8284EFA934}.Debug|x86.ActiveCfg = Debug|Any CPU
		{DBF6C31D-CABD-47A2-BA6C-2E8284EFA934}.Debug|x86.Build.0 = Debug|Any CPU
		{DBF6C31D-CABD-47A2-BA6C-2E8284EFA934}.Release|Any CPU.ActiveCfg = Release|Any CPU
		{DBF6C31D-CABD-47A2-BA6C-2E8284EFA934}.Release|Any CPU.Build.0 = Release|Any CPU
		{DBF6C31D-CABD-47A2-BA6C-2E8284EFA934}.Release|x64.ActiveCfg = Release|Any CPU
		{DBF6C31D-CABD-47A2-BA6C-2E8284EFA934}.Release|x64.Build.0 = Release|Any CPU
		{DBF6C31D-CABD-47A2-BA6C-2E8284EFA934}.Release|x86.ActiveCfg = Release|Any CPU
		{DBF6C31D-CABD-47A2-BA6C-2E8284EFA934}.Release|x86.Build.0 = Release|Any CPU
		{15B1D323-90CB-46E5-BC57-EF3328E9132E}.Debug|Any CPU.ActiveCfg = Debug|Any CPU
		{15B1D323-90CB-46E5-BC57-EF3328E9132E}.Debug|Any CPU.Build.0 = Debug|Any CPU
		{15B1D323-90CB-46E5-BC57-EF3328E9132E}.Debug|x64.ActiveCfg = Debug|Any CPU
		{15B1D323-90CB-46E5-BC57-EF3328E9132E}.Debug|x64.Build.0 = Debug|Any CPU
		{15B1D323-90CB-46E5-BC57-EF3328E9132E}.Debug|x86.ActiveCfg = Debug|Any CPU
		{15B1D323-90CB-46E5-BC57-EF3328E9132E}.Debug|x86.Build.0 = Debug|Any CPU
		{15B1D323-90CB-46E5-BC57-EF3328E9132E}.Release|Any CPU.ActiveCfg = Release|Any CPU
		{15B1D323-90CB-46E5-BC57-EF3328E9132E}.Release|Any CPU.Build.0 = Release|Any CPU
		{15B1D323-90CB-46E5-BC57-EF3328E9132E}.Release|x64.ActiveCfg = Release|Any CPU
		{15B1D323-90CB-46E5-BC57-EF3328E9132E}.Release|x64.Build.0 = Release|Any CPU
		{15B1D323-90CB-46E5-BC57-EF3328E9132E}.Release|x86.ActiveCfg = Release|Any CPU
		{15B1D323-90CB-46E5-BC57-EF3328E9132E}.Release|x86.Build.0 = Release|Any CPU
		{0F0285B4-57C5-4546-AFE5-A3DD0D4DCE99}.Debug|Any CPU.ActiveCfg = Debug|Any CPU
		{0F0285B4-57C5-4546-AFE5-A3DD0D4DCE99}.Debug|Any CPU.Build.0 = Debug|Any CPU
		{0F0285B4-57C5-4546-AFE5-A3DD0D4DCE99}.Debug|x64.ActiveCfg = Debug|Any CPU
		{0F0285B4-57C5-4546-AFE5-A3DD0D4DCE99}.Debug|x64.Build.0 = Debug|Any CPU
		{0F0285B4-57C5-4546-AFE5-A3DD0D4DCE99}.Debug|x86.ActiveCfg = Debug|Any CPU
		{0F0285B4-57C5-4546-AFE5-A3DD0D4DCE99}.Debug|x86.Build.0 = Debug|Any CPU
		{0F0285B4-57C5-4546-AFE5-A3DD0D4DCE99}.Release|Any CPU.ActiveCfg = Release|Any CPU
		{0F0285B4-57C5-4546-AFE5-A3DD0D4DCE99}.Release|Any CPU.Build.0 = Release|Any CPU
		{0F0285B4-57C5-4546-AFE5-A3DD0D4DCE99}.Release|x64.ActiveCfg = Release|Any CPU
		{0F0285B4-57C5-4546-AFE5-A3DD0D4DCE99}.Release|x64.Build.0 = Release|Any CPU
		{0F0285B4-57C5-4546-AFE5-A3DD0D4DCE99}.Release|x86.ActiveCfg = Release|Any CPU
		{0F0285B4-57C5-4546-AFE5-A3DD0D4DCE99}.Release|x86.Build.0 = Release|Any CPU
		{44A296D5-66C5-4E20-8560-2D29787C899F}.Debug|Any CPU.ActiveCfg = Debug|Any CPU
		{44A296D5-66C5-4E20-8560-2D29787C899F}.Debug|Any CPU.Build.0 = Debug|Any CPU
		{44A296D5-66C5-4E20-8560-2D29787C899F}.Debug|x64.ActiveCfg = Debug|Any CPU
		{44A296D5-66C5-4E20-8560-2D29787C899F}.Debug|x64.Build.0 = Debug|Any CPU
		{44A296D5-66C5-4E20-8560-2D29787C899F}.Debug|x86.ActiveCfg = Debug|Any CPU
		{44A296D5-66C5-4E20-8560-2D29787C899F}.Debug|x86.Build.0 = Debug|Any CPU
		{44A296D5-66C5-4E20-8560-2D29787C899F}.Release|Any CPU.ActiveCfg = Release|Any CPU
		{44A296D5-66C5-4E20-8560-2D29787C899F}.Release|Any CPU.Build.0 = Release|Any CPU
		{44A296D5-66C5-4E20-8560-2D29787C899F}.Release|x64.ActiveCfg = Release|Any CPU
		{44A296D5-66C5-4E20-8560-2D29787C899F}.Release|x64.Build.0 = Release|Any CPU
		{44A296D5-66C5-4E20-8560-2D29787C899F}.Release|x86.ActiveCfg = Release|Any CPU
		{44A296D5-66C5-4E20-8560-2D29787C899F}.Release|x86.Build.0 = Release|Any CPU
		{C994C495-3350-4ED9-8D12-DE75AB68BAF7}.Debug|Any CPU.ActiveCfg = Debug|Any CPU
		{C994C495-3350-4ED9-8D12-DE75AB68BAF7}.Debug|Any CPU.Build.0 = Debug|Any CPU
		{C994C495-3350-4ED9-8D12-DE75AB68BAF7}.Debug|x64.ActiveCfg = Debug|Any CPU
		{C994C495-3350-4ED9-8D12-DE75AB68BAF7}.Debug|x64.Build.0 = Debug|Any CPU
		{C994C495-3350-4ED9-8D12-DE75AB68BAF7}.Debug|x86.ActiveCfg = Debug|Any CPU
		{C994C495-3350-4ED9-8D12-DE75AB68BAF7}.Debug|x86.Build.0 = Debug|Any CPU
		{C994C495-3350-4ED9-8D12-DE75AB68BAF7}.Release|Any CPU.ActiveCfg = Release|Any CPU
		{C994C495-3350-4ED9-8D12-DE75AB68BAF7}.Release|Any CPU.Build.0 = Release|Any CPU
		{C994C495-3350-4ED9-8D12-DE75AB68BAF7}.Release|x64.ActiveCfg = Release|Any CPU
		{C994C495-3350-4ED9-8D12-DE75AB68BAF7}.Release|x64.Build.0 = Release|Any CPU
		{C994C495-3350-4ED9-8D12-DE75AB68BAF7}.Release|x86.ActiveCfg = Release|Any CPU
		{C994C495-3350-4ED9-8D12-DE75AB68BAF7}.Release|x86.Build.0 = Release|Any CPU
		{06FEF73C-92AE-4E0F-B91A-C011CFBC0943}.Debug|Any CPU.ActiveCfg = Debug|Any CPU
		{06FEF73C-92AE-4E0F-B91A-C011CFBC0943}.Debug|Any CPU.Build.0 = Debug|Any CPU
		{06FEF73C-92AE-4E0F-B91A-C011CFBC0943}.Debug|x64.ActiveCfg = Debug|Any CPU
		{06FEF73C-92AE-4E0F-B91A-C011CFBC0943}.Debug|x64.Build.0 = Debug|Any CPU
		{06FEF73C-92AE-4E0F-B91A-C011CFBC0943}.Debug|x86.ActiveCfg = Debug|Any CPU
		{06FEF73C-92AE-4E0F-B91A-C011CFBC0943}.Debug|x86.Build.0 = Debug|Any CPU
		{06FEF73C-92AE-4E0F-B91A-C011CFBC0943}.Release|Any CPU.ActiveCfg = Release|Any CPU
		{06FEF73C-92AE-4E0F-B91A-C011CFBC0943}.Release|Any CPU.Build.0 = Release|Any CPU
		{06FEF73C-92AE-4E0F-B91A-C011CFBC0943}.Release|x64.ActiveCfg = Release|Any CPU
		{06FEF73C-92AE-4E0F-B91A-C011CFBC0943}.Release|x64.Build.0 = Release|Any CPU
		{06FEF73C-92AE-4E0F-B91A-C011CFBC0943}.Release|x86.ActiveCfg = Release|Any CPU
		{06FEF73C-92AE-4E0F-B91A-C011CFBC0943}.Release|x86.Build.0 = Release|Any CPU
		{D3108F48-B1F6-4365-8CB0-B88BA8B233D7}.Debug|Any CPU.ActiveCfg = Debug|Any CPU
		{D3108F48-B1F6-4365-8CB0-B88BA8B233D7}.Debug|Any CPU.Build.0 = Debug|Any CPU
		{D3108F48-B1F6-4365-8CB0-B88BA8B233D7}.Debug|x64.ActiveCfg = Debug|Any CPU
		{D3108F48-B1F6-4365-8CB0-B88BA8B233D7}.Debug|x64.Build.0 = Debug|Any CPU
		{D3108F48-B1F6-4365-8CB0-B88BA8B233D7}.Debug|x86.ActiveCfg = Debug|Any CPU
		{D3108F48-B1F6-4365-8CB0-B88BA8B233D7}.Debug|x86.Build.0 = Debug|Any CPU
		{D3108F48-B1F6-4365-8CB0-B88BA8B233D7}.Release|Any CPU.ActiveCfg = Release|Any CPU
		{D3108F48-B1F6-4365-8CB0-B88BA8B233D7}.Release|Any CPU.Build.0 = Release|Any CPU
		{D3108F48-B1F6-4365-8CB0-B88BA8B233D7}.Release|x64.ActiveCfg = Release|Any CPU
		{D3108F48-B1F6-4365-8CB0-B88BA8B233D7}.Release|x64.Build.0 = Release|Any CPU
		{D3108F48-B1F6-4365-8CB0-B88BA8B233D7}.Release|x86.ActiveCfg = Release|Any CPU
		{D3108F48-B1F6-4365-8CB0-B88BA8B233D7}.Release|x86.Build.0 = Release|Any CPU
		{D94F23AD-EBD5-48DD-9522-9709654993FE}.Debug|Any CPU.ActiveCfg = Debug|Any CPU
		{D94F23AD-EBD5-48DD-9522-9709654993FE}.Debug|Any CPU.Build.0 = Debug|Any CPU
		{D94F23AD-EBD5-48DD-9522-9709654993FE}.Debug|x64.ActiveCfg = Debug|Any CPU
		{D94F23AD-EBD5-48DD-9522-9709654993FE}.Debug|x64.Build.0 = Debug|Any CPU
		{D94F23AD-EBD5-48DD-9522-9709654993FE}.Debug|x86.ActiveCfg = Debug|Any CPU
		{D94F23AD-EBD5-48DD-9522-9709654993FE}.Debug|x86.Build.0 = Debug|Any CPU
		{D94F23AD-EBD5-48DD-9522-9709654993FE}.Release|Any CPU.ActiveCfg = Release|Any CPU
		{D94F23AD-EBD5-48DD-9522-9709654993FE}.Release|Any CPU.Build.0 = Release|Any CPU
		{D94F23AD-EBD5-48DD-9522-9709654993FE}.Release|x64.ActiveCfg = Release|Any CPU
		{D94F23AD-EBD5-48DD-9522-9709654993FE}.Release|x64.Build.0 = Release|Any CPU
		{D94F23AD-EBD5-48DD-9522-9709654993FE}.Release|x86.ActiveCfg = Release|Any CPU
		{D94F23AD-EBD5-48DD-9522-9709654993FE}.Release|x86.Build.0 = Release|Any CPU
		{C845A925-466F-4965-B09F-0007C190C0EC}.Debug|Any CPU.ActiveCfg = Debug|Any CPU
		{C845A925-466F-4965-B09F-0007C190C0EC}.Debug|Any CPU.Build.0 = Debug|Any CPU
		{C845A925-466F-4965-B09F-0007C190C0EC}.Debug|x64.ActiveCfg = Debug|Any CPU
		{C845A925-466F-4965-B09F-0007C190C0EC}.Debug|x64.Build.0 = Debug|Any CPU
		{C845A925-466F-4965-B09F-0007C190C0EC}.Debug|x86.ActiveCfg = Debug|Any CPU
		{C845A925-466F-4965-B09F-0007C190C0EC}.Debug|x86.Build.0 = Debug|Any CPU
		{C845A925-466F-4965-B09F-0007C190C0EC}.Release|Any CPU.ActiveCfg = Release|Any CPU
		{C845A925-466F-4965-B09F-0007C190C0EC}.Release|Any CPU.Build.0 = Release|Any CPU
		{C845A925-466F-4965-B09F-0007C190C0EC}.Release|x64.ActiveCfg = Release|Any CPU
		{C845A925-466F-4965-B09F-0007C190C0EC}.Release|x64.Build.0 = Release|Any CPU
		{C845A925-466F-4965-B09F-0007C190C0EC}.Release|x86.ActiveCfg = Release|Any CPU
		{C845A925-466F-4965-B09F-0007C190C0EC}.Release|x86.Build.0 = Release|Any CPU
		{52CB7A15-3A44-4B10-A97A-B6E2263F5DA4}.Debug|Any CPU.ActiveCfg = Debug|Any CPU
		{52CB7A15-3A44-4B10-A97A-B6E2263F5DA4}.Debug|Any CPU.Build.0 = Debug|Any CPU
		{52CB7A15-3A44-4B10-A97A-B6E2263F5DA4}.Debug|x64.ActiveCfg = Debug|Any CPU
		{52CB7A15-3A44-4B10-A97A-B6E2263F5DA4}.Debug|x64.Build.0 = Debug|Any CPU
		{52CB7A15-3A44-4B10-A97A-B6E2263F5DA4}.Debug|x86.ActiveCfg = Debug|Any CPU
		{52CB7A15-3A44-4B10-A97A-B6E2263F5DA4}.Debug|x86.Build.0 = Debug|Any CPU
		{52CB7A15-3A44-4B10-A97A-B6E2263F5DA4}.Release|Any CPU.ActiveCfg = Release|Any CPU
		{52CB7A15-3A44-4B10-A97A-B6E2263F5DA4}.Release|Any CPU.Build.0 = Release|Any CPU
		{52CB7A15-3A44-4B10-A97A-B6E2263F5DA4}.Release|x64.ActiveCfg = Release|Any CPU
		{52CB7A15-3A44-4B10-A97A-B6E2263F5DA4}.Release|x64.Build.0 = Release|Any CPU
		{52CB7A15-3A44-4B10-A97A-B6E2263F5DA4}.Release|x86.ActiveCfg = Release|Any CPU
		{52CB7A15-3A44-4B10-A97A-B6E2263F5DA4}.Release|x86.Build.0 = Release|Any CPU
		{FFC3CC83-2FC4-4AD6-923B-65D4D58DAA70}.Debug|Any CPU.ActiveCfg = Debug|Any CPU
		{FFC3CC83-2FC4-4AD6-923B-65D4D58DAA70}.Debug|Any CPU.Build.0 = Debug|Any CPU
		{FFC3CC83-2FC4-4AD6-923B-65D4D58DAA70}.Debug|x64.ActiveCfg = Debug|Any CPU
		{FFC3CC83-2FC4-4AD6-923B-65D4D58DAA70}.Debug|x64.Build.0 = Debug|Any CPU
		{FFC3CC83-2FC4-4AD6-923B-65D4D58DAA70}.Debug|x86.ActiveCfg = Debug|Any CPU
		{FFC3CC83-2FC4-4AD6-923B-65D4D58DAA70}.Debug|x86.Build.0 = Debug|Any CPU
		{FFC3CC83-2FC4-4AD6-923B-65D4D58DAA70}.Release|Any CPU.ActiveCfg = Release|Any CPU
		{FFC3CC83-2FC4-4AD6-923B-65D4D58DAA70}.Release|Any CPU.Build.0 = Release|Any CPU
		{FFC3CC83-2FC4-4AD6-923B-65D4D58DAA70}.Release|x64.ActiveCfg = Release|Any CPU
		{FFC3CC83-2FC4-4AD6-923B-65D4D58DAA70}.Release|x64.Build.0 = Release|Any CPU
		{FFC3CC83-2FC4-4AD6-923B-65D4D58DAA70}.Release|x86.ActiveCfg = Release|Any CPU
		{FFC3CC83-2FC4-4AD6-923B-65D4D58DAA70}.Release|x86.Build.0 = Release|Any CPU
		{B73F4380-5F4E-45EB-8B7C-50351AFBFBBC}.Debug|Any CPU.ActiveCfg = Debug|Any CPU
		{B73F4380-5F4E-45EB-8B7C-50351AFBFBBC}.Debug|Any CPU.Build.0 = Debug|Any CPU
		{B73F4380-5F4E-45EB-8B7C-50351AFBFBBC}.Debug|x64.ActiveCfg = Debug|Any CPU
		{B73F4380-5F4E-45EB-8B7C-50351AFBFBBC}.Debug|x64.Build.0 = Debug|Any CPU
		{B73F4380-5F4E-45EB-8B7C-50351AFBFBBC}.Debug|x86.ActiveCfg = Debug|Any CPU
		{B73F4380-5F4E-45EB-8B7C-50351AFBFBBC}.Debug|x86.Build.0 = Debug|Any CPU
		{B73F4380-5F4E-45EB-8B7C-50351AFBFBBC}.Release|Any CPU.ActiveCfg = Release|Any CPU
		{B73F4380-5F4E-45EB-8B7C-50351AFBFBBC}.Release|Any CPU.Build.0 = Release|Any CPU
		{B73F4380-5F4E-45EB-8B7C-50351AFBFBBC}.Release|x64.ActiveCfg = Release|Any CPU
		{B73F4380-5F4E-45EB-8B7C-50351AFBFBBC}.Release|x64.Build.0 = Release|Any CPU
		{B73F4380-5F4E-45EB-8B7C-50351AFBFBBC}.Release|x86.ActiveCfg = Release|Any CPU
		{B73F4380-5F4E-45EB-8B7C-50351AFBFBBC}.Release|x86.Build.0 = Release|Any CPU
	EndGlobalSection
	GlobalSection(SolutionProperties) = preSolution
		HideSolutionNode = FALSE
	EndGlobalSection
	GlobalSection(NestedProjects) = preSolution
		{AEF57866-B629-44B4-90C4-046B0F22DD34} = {02EA681E-C7D8-13C7-8484-4AC65E1B71E8}
		{44A296D5-66C5-4E20-8560-2D29787C899F} = {02EA681E-C7D8-13C7-8484-4AC65E1B71E8}
		{C994C495-3350-4ED9-8D12-DE75AB68BAF7} = {14076C43-BDEE-45CC-8C1D-44EED2F8128D}
		{388B4F00-20D9-4717-8EFD-0F048AE95AF9} = {14076C43-BDEE-45CC-8C1D-44EED2F8128D}
		{06FEF73C-92AE-4E0F-B91A-C011CFBC0943} = {388B4F00-20D9-4717-8EFD-0F048AE95AF9}
		{D3108F48-B1F6-4365-8CB0-B88BA8B233D7} = {388B4F00-20D9-4717-8EFD-0F048AE95AF9}
		{4D2386C2-784F-4F36-B31B-DCAF2473D8CD} = {14076C43-BDEE-45CC-8C1D-44EED2F8128D}
		{D94F23AD-EBD5-48DD-9522-9709654993FE} = {4D2386C2-784F-4F36-B31B-DCAF2473D8CD}
		{C845A925-466F-4965-B09F-0007C190C0EC} = {4D2386C2-784F-4F36-B31B-DCAF2473D8CD}
		{52CB7A15-3A44-4B10-A97A-B6E2263F5DA4} = {4D2386C2-784F-4F36-B31B-DCAF2473D8CD}
		{FFC3CC83-2FC4-4AD6-923B-65D4D58DAA70} = {27EB5E76-CE10-4D4E-89D3-6BA2DC34307B}
		{B73F4380-5F4E-45EB-8B7C-50351AFBFBBC} = {27EB5E76-CE10-4D4E-89D3-6BA2DC34307B}
	EndGlobalSection
	GlobalSection(ExtensibilityGlobals) = postSolution
		SolutionGuid = {785300F1-2D59-49F6-AA85-99636AF803CE}
	EndGlobalSection
EndGlobal
