
Microsoft Visual Studio Solution File, Format Version 12.00
# Visual Studio Version 17
VisualStudioVersion = 17.0.31903.59
MinimumVisualStudioVersion = 10.0.40219.1
Project("{FAE04EC0-301F-11D3-BF4B-00C04F79EFBC}") = "DependencyInject", "DependencyInject\DependencyInject.csproj", "{E9FD34CC-2B06-42A7-BA25-D7E3E7082D2E}"
EndProject
Project("{FAE04EC0-301F-11D3-BF4B-00C04F79EFBC}") = "MiddleWare", "MiddleWare\MiddleWare.csproj", "{AB2481B6-5315-467F-BA46-CFB5086641DD}"
EndProject
Project("{FAE04EC0-301F-11D3-BF4B-00C04F79EFBC}") = "Utils", "Utils\Utils.csproj", "{B20A197C-B764-4D1F-91B6-1DBB1DB97E70}"
EndProject
Project("{FAE04EC0-301F-11D3-BF4B-00C04F79EFBC}") = "Mok.Modularity", "Mok.Modularity\Mok.Modularity.csproj", "{D25E7188-5B85-452A-A4BD-3BE79B3DCCFD}"
EndProject
Project("{FAE04EC0-301F-11D3-BF4B-00C04F79EFBC}") = "HomeSys", "HomeSys\HomeSys.csproj", "{AEF57866-B629-44B4-90C4-046B0F22DD34}"
EndProject
Project("{FAE04EC0-301F-11D3-BF4B-00C04F79EFBC}") = "Mok.AspNetCore", "Mok.AspNetCore\Mok.AspNetCore.csproj", "{9D0036D6-9462-4F91-B529-0C80D4C82B38}"
EndProject
Project("{2150E333-8FDC-42A3-9474-1A3956D46DE8}") = "Demo", "Demo", "{02EA681E-C7D8-13C7-8484-4AC65E1B71E8}"
EndProject
Project("{FAE04EC0-301F-11D3-BF4B-00C04F79EFBC}") = "FileServer", "FileServer\FileServer.csproj", "{7FBCCCB0-60A1-46B1-BD3B-114084EFF133}"
EndProject
Project("{FAE04EC0-301F-11D3-BF4B-00C04F79EFBC}") = "AssemblyAndReflection", "AssemblyAndReflection\AssemblyAndReflection.csproj", "{DBF6C31D-CABD-47A2-BA6C-2E8284EFA934}"
EndProject
Project("{FAE04EC0-301F-11D3-BF4B-00C04F79EFBC}") = "MiniAspNetCore", "MiniAspNetCore\MiniAspNetCore.csproj", "{15B1D323-90CB-46E5-BC57-EF3328E9132E}"
EndProject
Project("{FAE04EC0-301F-11D3-BF4B-00C04F79EFBC}") = "DDDCore", "DDDCore\DDDCore.csproj", "{0F0285B4-57C5-4546-AFE5-A3DD0D4DCE99}"
EndProject
Project("{2150E333-8FDC-42A3-9474-1A3956D46DE8}") = "AuthenticateAuthorization", "AuthenticateAuthorization", "{14076C43-BDEE-45CC-8C1D-44EED2F8128D}"
	ProjectSection(SolutionItems) = preProject
		ConsoleApp1\BasicAuth-Usage.md = ConsoleApp1\BasicAuth-Usage.md
		ConsoleApp1\IdentityServer4-Usage.md = ConsoleApp1\IdentityServer4-Usage.md
		ConsoleApp1\OpenIddict-Usage.md = ConsoleApp1\OpenIddict-Usage.md
		ConsoleApp1\README-Module1.md = ConsoleApp1\README-Module1.md
		ConsoleApp1\README-Module2.md = ConsoleApp1\README-Module2.md
		ConsoleApp1\README-Module3.md = ConsoleApp1\README-Module3.md
		ConsoleApp1\README-Module4.md = ConsoleApp1\README-Module4.md
		ConsoleApp1\SSO-Usage.md = ConsoleApp1\SSO-Usage.md
	EndProjectSection
EndProject
Project("{FAE04EC0-301F-11D3-BF4B-00C04F79EFBC}") = "BasicAuth", "BasicAuth\BasicAuth.csproj", "{C994C495-3350-4ED9-8D12-DE75AB68BAF7}"
EndProject
Project("{2150E333-8FDC-42A3-9474-1A3956D46DE8}") = "RBAC", "RBAC", "{BC13B2A1-F5AB-4C7F-8EF6-C3CAF1165D15}"
EndProject
Project("{FAE04EC0-301F-11D3-BF4B-00C04F79EFBC}") = "MokPermissions.Application", "RBAC\src\MokPermissions.Applications\MokPermissions.Application.csproj", "{E59DC97B-9E1E-1763-B41D-A506EA358991}"
EndProject
Project("{FAE04EC0-301F-11D3-BF4B-00C04F79EFBC}") = "MokPermissions.EntityframeworkCore", "RBAC\src\MokPermissions.EntityframeworkCore\MokPermissions.EntityframeworkCore.csproj", "{972468CD-260A-9E50-0A5B-94D09C25C1F2}"
EndProject
Project("{FAE04EC0-301F-11D3-BF4B-00C04F79EFBC}") = "MokPermissions.Web.HttpApi", "RBAC\src\MokPermissions.Web.HttpApi\MokPermissions.Web.HttpApi.csproj", "{5D79EDAE-4CC6-9DE7-3C97-10F84FF47080}"
EndProject
Project("{FAE04EC0-301F-11D3-BF4B-00C04F79EFBC}") = "Tests.MokPermission.Integration", "RBAC\test\PermissionManagement.Tests.Integration\Tests.MokPermission.Integration.csproj", "{29183797-CE5E-59A7-9559-FB6B0E62A501}"
EndProject
Project("{FAE04EC0-301F-11D3-BF4B-00C04F79EFBC}") = "Tests.MokPermission", "MokPermissionTests\Tests.MokPermission.csproj", "{69232C35-94F2-4F24-B887-80E8BCD37CDA}"
EndProject
Project("{2150E333-8FDC-42A3-9474-1A3956D46DE8}") = "src", "src", "{B394A389-8526-49E4-B615-1307188315DD}"
EndProject
Project("{2150E333-8FDC-42A3-9474-1A3956D46DE8}") = "test", "test", "{AE4B8F4C-BCBD-41AF-A9E3-A41487A25F8F}"
EndProject
Project("{2150E333-8FDC-42A3-9474-1A3956D46DE8}") = "MokFramework", "MokFramework", "{B0225786-C9E4-402B-B779-66949932B403}"
EndProject
Project("{FAE04EC0-301F-11D3-BF4B-00C04F79EFBC}") = "MokPermissions.Application.Contracts", "RBAC\src\MokPermissions.Application.Constracts\MokPermissions.Application.Contracts.csproj", "{4BE95ECD-80F6-CD5B-EF5C-830DF42A8E3A}"
EndProject
Project("{FAE04EC0-301F-11D3-BF4B-00C04F79EFBC}") = "MokPermissions.DbMigrations", "RBAC\src\MokPermissions.DbMigrations\MokPermissions.DbMigrations.csproj", "{DEA97032-A3B7-1E8D-21C8-C3BB542C50DE}"
EndProject
Project("{FAE04EC0-301F-11D3-BF4B-00C04F79EFBC}") = "MokPermissions.Domain.Shared", "RBAC\src\MokPermissions.Domain.Shared\MokPermissions.Domain.Shared.csproj", "{1DE890D1-BAFE-1BFB-38F0-29DBB5EDC76D}"
EndProject
Project("{FAE04EC0-301F-11D3-BF4B-00C04F79EFBC}") = "MokPermissions.Domain", "RBAC\src\MokPermissions.Domain\MokPermissions.Domain.csproj", "{2C8C7D88-DC50-A334-E1C3-25FA8EC88A31}"
EndProject
Global
	GlobalSection(SolutionConfigurationPlatforms) = preSolution
		Debug|Any CPU = Debug|Any CPU
		Debug|x64 = Debug|x64
		Debug|x86 = Debug|x86
		Release|Any CPU = Release|Any CPU
		Release|x64 = Release|x64
		Release|x86 = Release|x86
	EndGlobalSection
	GlobalSection(ProjectConfigurationPlatforms) = postSolution
		{E9FD34CC-2B06-42A7-BA25-D7E3E7082D2E}.Debug|Any CPU.ActiveCfg = Debug|Any CPU
		{E9FD34CC-2B06-42A7-BA25-D7E3E7082D2E}.Debug|Any CPU.Build.0 = Debug|Any CPU
		{E9FD34CC-2B06-42A7-BA25-D7E3E7082D2E}.Debug|x64.ActiveCfg = Debug|Any CPU
		{E9FD34CC-2B06-42A7-BA25-D7E3E7082D2E}.Debug|x64.Build.0 = Debug|Any CPU
		{E9FD34CC-2B06-42A7-BA25-D7E3E7082D2E}.Debug|x86.ActiveCfg = Debug|Any CPU
		{E9FD34CC-2B06-42A7-BA25-D7E3E7082D2E}.Debug|x86.Build.0 = Debug|Any CPU
		{E9FD34CC-2B06-42A7-BA25-D7E3E7082D2E}.Release|Any CPU.ActiveCfg = Release|Any CPU
		{E9FD34CC-2B06-42A7-BA25-D7E3E7082D2E}.Release|Any CPU.Build.0 = Release|Any CPU
		{E9FD34CC-2B06-42A7-BA25-D7E3E7082D2E}.Release|x64.ActiveCfg = Release|Any CPU
		{E9FD34CC-2B06-42A7-BA25-D7E3E7082D2E}.Release|x64.Build.0 = Release|Any CPU
		{E9FD34CC-2B06-42A7-BA25-D7E3E7082D2E}.Release|x86.ActiveCfg = Release|Any CPU
		{E9FD34CC-2B06-42A7-BA25-D7E3E7082D2E}.Release|x86.Build.0 = Release|Any CPU
		{AB2481B6-5315-467F-BA46-CFB5086641DD}.Debug|Any CPU.ActiveCfg = Debug|Any CPU
		{AB2481B6-5315-467F-BA46-CFB5086641DD}.Debug|Any CPU.Build.0 = Debug|Any CPU
		{AB2481B6-5315-467F-BA46-CFB5086641DD}.Debug|x64.ActiveCfg = Debug|Any CPU
		{AB2481B6-5315-467F-BA46-CFB5086641DD}.Debug|x64.Build.0 = Debug|Any CPU
		{AB2481B6-5315-467F-BA46-CFB5086641DD}.Debug|x86.ActiveCfg = Debug|Any CPU
		{AB2481B6-5315-467F-BA46-CFB5086641DD}.Debug|x86.Build.0 = Debug|Any CPU
		{AB2481B6-5315-467F-BA46-CFB5086641DD}.Release|Any CPU.ActiveCfg = Release|Any CPU
		{AB2481B6-5315-467F-BA46-CFB5086641DD}.Release|Any CPU.Build.0 = Release|Any CPU
		{AB2481B6-5315-467F-BA46-CFB5086641DD}.Release|x64.ActiveCfg = Release|Any CPU
		{AB2481B6-5315-467F-BA46-CFB5086641DD}.Release|x64.Build.0 = Release|Any CPU
		{AB2481B6-5315-467F-BA46-CFB5086641DD}.Release|x86.ActiveCfg = Release|Any CPU
		{AB2481B6-5315-467F-BA46-CFB5086641DD}.Release|x86.Build.0 = Release|Any CPU
		{B20A197C-B764-4D1F-91B6-1DBB1DB97E70}.Debug|Any CPU.ActiveCfg = Debug|Any CPU
		{B20A197C-B764-4D1F-91B6-1DBB1DB97E70}.Debug|Any CPU.Build.0 = Debug|Any CPU
		{B20A197C-B764-4D1F-91B6-1DBB1DB97E70}.Debug|x64.ActiveCfg = Debug|Any CPU
		{B20A197C-B764-4D1F-91B6-1DBB1DB97E70}.Debug|x64.Build.0 = Debug|Any CPU
		{B20A197C-B764-4D1F-91B6-1DBB1DB97E70}.Debug|x86.ActiveCfg = Debug|Any CPU
		{B20A197C-B764-4D1F-91B6-1DBB1DB97E70}.Debug|x86.Build.0 = Debug|Any CPU
		{B20A197C-B764-4D1F-91B6-1DBB1DB97E70}.Release|Any CPU.ActiveCfg = Release|Any CPU
		{B20A197C-B764-4D1F-91B6-1DBB1DB97E70}.Release|Any CPU.Build.0 = Release|Any CPU
		{B20A197C-B764-4D1F-91B6-1DBB1DB97E70}.Release|x64.ActiveCfg = Release|Any CPU
		{B20A197C-B764-4D1F-91B6-1DBB1DB97E70}.Release|x64.Build.0 = Release|Any CPU
		{B20A197C-B764-4D1F-91B6-1DBB1DB97E70}.Release|x86.ActiveCfg = Release|Any CPU
		{B20A197C-B764-4D1F-91B6-1DBB1DB97E70}.Release|x86.Build.0 = Release|Any CPU
		{D25E7188-5B85-452A-A4BD-3BE79B3DCCFD}.Debug|Any CPU.ActiveCfg = Debug|Any CPU
		{D25E7188-5B85-452A-A4BD-3BE79B3DCCFD}.Debug|Any CPU.Build.0 = Debug|Any CPU
		{D25E7188-5B85-452A-A4BD-3BE79B3DCCFD}.Debug|x64.ActiveCfg = Debug|Any CPU
		{D25E7188-5B85-452A-A4BD-3BE79B3DCCFD}.Debug|x64.Build.0 = Debug|Any CPU
		{D25E7188-5B85-452A-A4BD-3BE79B3DCCFD}.Debug|x86.ActiveCfg = Debug|Any CPU
		{D25E7188-5B85-452A-A4BD-3BE79B3DCCFD}.Debug|x86.Build.0 = Debug|Any CPU
		{D25E7188-5B85-452A-A4BD-3BE79B3DCCFD}.Release|Any CPU.ActiveCfg = Release|Any CPU
		{D25E7188-5B85-452A-A4BD-3BE79B3DCCFD}.Release|Any CPU.Build.0 = Release|Any CPU
		{D25E7188-5B85-452A-A4BD-3BE79B3DCCFD}.Release|x64.ActiveCfg = Release|Any CPU
		{D25E7188-5B85-452A-A4BD-3BE79B3DCCFD}.Release|x64.Build.0 = Release|Any CPU
		{D25E7188-5B85-452A-A4BD-3BE79B3DCCFD}.Release|x86.ActiveCfg = Release|Any CPU
		{D25E7188-5B85-452A-A4BD-3BE79B3DCCFD}.Release|x86.Build.0 = Release|Any CPU
		{AEF57866-B629-44B4-90C4-046B0F22DD34}.Debug|Any CPU.ActiveCfg = Debug|Any CPU
		{AEF57866-B629-44B4-90C4-046B0F22DD34}.Debug|Any CPU.Build.0 = Debug|Any CPU
		{AEF57866-B629-44B4-90C4-046B0F22DD34}.Debug|x64.ActiveCfg = Debug|Any CPU
		{AEF57866-B629-44B4-90C4-046B0F22DD34}.Debug|x64.Build.0 = Debug|Any CPU
		{AEF57866-B629-44B4-90C4-046B0F22DD34}.Debug|x86.ActiveCfg = Debug|Any CPU
		{AEF57866-B629-44B4-90C4-046B0F22DD34}.Debug|x86.Build.0 = Debug|Any CPU
		{AEF57866-B629-44B4-90C4-046B0F22DD34}.Release|Any CPU.ActiveCfg = Release|Any CPU
		{AEF57866-B629-44B4-90C4-046B0F22DD34}.Release|Any CPU.Build.0 = Release|Any CPU
		{AEF57866-B629-44B4-90C4-046B0F22DD34}.Release|x64.ActiveCfg = Release|Any CPU
		{AEF57866-B629-44B4-90C4-046B0F22DD34}.Release|x64.Build.0 = Release|Any CPU
		{AEF57866-B629-44B4-90C4-046B0F22DD34}.Release|x86.ActiveCfg = Release|Any CPU
		{AEF57866-B629-44B4-90C4-046B0F22DD34}.Release|x86.Build.0 = Release|Any CPU
		{9D0036D6-9462-4F91-B529-0C80D4C82B38}.Debug|Any CPU.ActiveCfg = Debug|Any CPU
		{9D0036D6-9462-4F91-B529-0C80D4C82B38}.Debug|Any CPU.Build.0 = Debug|Any CPU
		{9D0036D6-9462-4F91-B529-0C80D4C82B38}.Debug|x64.ActiveCfg = Debug|Any CPU
		{9D0036D6-9462-4F91-B529-0C80D4C82B38}.Debug|x64.Build.0 = Debug|Any CPU
		{9D0036D6-9462-4F91-B529-0C80D4C82B38}.Debug|x86.ActiveCfg = Debug|Any CPU
		{9D0036D6-9462-4F91-B529-0C80D4C82B38}.Debug|x86.Build.0 = Debug|Any CPU
		{9D0036D6-9462-4F91-B529-0C80D4C82B38}.Release|Any CPU.ActiveCfg = Release|Any CPU
		{9D0036D6-9462-4F91-B529-0C80D4C82B38}.Release|Any CPU.Build.0 = Release|Any CPU
		{9D0036D6-9462-4F91-B529-0C80D4C82B38}.Release|x64.ActiveCfg = Release|Any CPU
		{9D0036D6-9462-4F91-B529-0C80D4C82B38}.Release|x64.Build.0 = Release|Any CPU
		{9D0036D6-9462-4F91-B529-0C80D4C82B38}.Release|x86.ActiveCfg = Release|Any CPU
		{9D0036D6-9462-4F91-B529-0C80D4C82B38}.Release|x86.Build.0 = Release|Any CPU
		{7FBCCCB0-60A1-46B1-BD3B-114084EFF133}.Debug|Any CPU.ActiveCfg = Debug|Any CPU
		{7FBCCCB0-60A1-46B1-BD3B-114084EFF133}.Debug|Any CPU.Build.0 = Debug|Any CPU
		{7FBCCCB0-60A1-46B1-BD3B-114084EFF133}.Debug|x64.ActiveCfg = Debug|Any CPU
		{7FBCCCB0-60A1-46B1-BD3B-114084EFF133}.Debug|x64.Build.0 = Debug|Any CPU
		{7FBCCCB0-60A1-46B1-BD3B-114084EFF133}.Debug|x86.ActiveCfg = Debug|Any CPU
		{7FBCCCB0-60A1-46B1-BD3B-114084EFF133}.Debug|x86.Build.0 = Debug|Any CPU
		{7FBCCCB0-60A1-46B1-BD3B-114084EFF133}.Release|Any CPU.ActiveCfg = Release|Any CPU
		{7FBCCCB0-60A1-46B1-BD3B-114084EFF133}.Release|Any CPU.Build.0 = Release|Any CPU
		{7FBCCCB0-60A1-46B1-BD3B-114084EFF133}.Release|x64.ActiveCfg = Release|Any CPU
		{7FBCCCB0-60A1-46B1-BD3B-114084EFF133}.Release|x64.Build.0 = Release|Any CPU
		{7FBCCCB0-60A1-46B1-BD3B-114084EFF133}.Release|x86.ActiveCfg = Release|Any CPU
		{7FBCCCB0-60A1-46B1-BD3B-114084EFF133}.Release|x86.Build.0 = Release|Any CPU
		{DBF6C31D-CABD-47A2-BA6C-2E8284EFA934}.Debug|Any CPU.ActiveCfg = Debug|Any CPU
		{DBF6C31D-CABD-47A2-BA6C-2E8284EFA934}.Debug|Any CPU.Build.0 = Debug|Any CPU
		{DBF6C31D-CABD-47A2-BA6C-2E8284EFA934}.Debug|x64.ActiveCfg = Debug|Any CPU
		{DBF6C31D-CABD-47A2-BA6C-2E8284EFA934}.Debug|x64.Build.0 = Debug|Any CPU
		{DBF6C31D-CABD-47A2-BA6C-2E8284EFA934}.Debug|x86.ActiveCfg = Debug|Any CPU
		{DBF6C31D-CABD-47A2-BA6C-2E8284EFA934}.Debug|x86.Build.0 = Debug|Any CPU
		{DBF6C31D-CABD-47A2-BA6C-2E8284EFA934}.Release|Any CPU.ActiveCfg = Release|Any CPU
		{DBF6C31D-CABD-47A2-BA6C-2E8284EFA934}.Release|Any CPU.Build.0 = Release|Any CPU
		{DBF6C31D-CABD-47A2-BA6C-2E8284EFA934}.Release|x64.ActiveCfg = Release|Any CPU
		{DBF6C31D-CABD-47A2-BA6C-2E8284EFA934}.Release|x64.Build.0 = Release|Any CPU
		{DBF6C31D-CABD-47A2-BA6C-2E8284EFA934}.Release|x86.ActiveCfg = Release|Any CPU
		{DBF6C31D-CABD-47A2-BA6C-2E8284EFA934}.Release|x86.Build.0 = Release|Any CPU
		{15B1D323-90CB-46E5-BC57-EF3328E9132E}.Debug|Any CPU.ActiveCfg = Debug|Any CPU
		{15B1D323-90CB-46E5-BC57-EF3328E9132E}.Debug|Any CPU.Build.0 = Debug|Any CPU
		{15B1D323-90CB-46E5-BC57-EF3328E9132E}.Debug|x64.ActiveCfg = Debug|Any CPU
		{15B1D323-90CB-46E5-BC57-EF3328E9132E}.Debug|x64.Build.0 = Debug|Any CPU
		{15B1D323-90CB-46E5-BC57-EF3328E9132E}.Debug|x86.ActiveCfg = Debug|Any CPU
		{15B1D323-90CB-46E5-BC57-EF3328E9132E}.Debug|x86.Build.0 = Debug|Any CPU
		{15B1D323-90CB-46E5-BC57-EF3328E9132E}.Release|Any CPU.ActiveCfg = Release|Any CPU
		{15B1D323-90CB-46E5-BC57-EF3328E9132E}.Release|Any CPU.Build.0 = Release|Any CPU
		{15B1D323-90CB-46E5-BC57-EF3328E9132E}.Release|x64.ActiveCfg = Release|Any CPU
		{15B1D323-90CB-46E5-BC57-EF3328E9132E}.Release|x64.Build.0 = Release|Any CPU
		{15B1D323-90CB-46E5-BC57-EF3328E9132E}.Release|x86.ActiveCfg = Release|Any CPU
		{15B1D323-90CB-46E5-BC57-EF3328E9132E}.Release|x86.Build.0 = Release|Any CPU
		{0F0285B4-57C5-4546-AFE5-A3DD0D4DCE99}.Debug|Any CPU.ActiveCfg = Debug|Any CPU
		{0F0285B4-57C5-4546-AFE5-A3DD0D4DCE99}.Debug|Any CPU.Build.0 = Debug|Any CPU
		{0F0285B4-57C5-4546-AFE5-A3DD0D4DCE99}.Debug|x64.ActiveCfg = Debug|Any CPU
		{0F0285B4-57C5-4546-AFE5-A3DD0D4DCE99}.Debug|x64.Build.0 = Debug|Any CPU
		{0F0285B4-57C5-4546-AFE5-A3DD0D4DCE99}.Debug|x86.ActiveCfg = Debug|Any CPU
		{0F0285B4-57C5-4546-AFE5-A3DD0D4DCE99}.Debug|x86.Build.0 = Debug|Any CPU
		{0F0285B4-57C5-4546-AFE5-A3DD0D4DCE99}.Release|Any CPU.ActiveCfg = Release|Any CPU
		{0F0285B4-57C5-4546-AFE5-A3DD0D4DCE99}.Release|Any CPU.Build.0 = Release|Any CPU
		{0F0285B4-57C5-4546-AFE5-A3DD0D4DCE99}.Release|x64.ActiveCfg = Release|Any CPU
		{0F0285B4-57C5-4546-AFE5-A3DD0D4DCE99}.Release|x64.Build.0 = Release|Any CPU
		{0F0285B4-57C5-4546-AFE5-A3DD0D4DCE99}.Release|x86.ActiveCfg = Release|Any CPU
		{0F0285B4-57C5-4546-AFE5-A3DD0D4DCE99}.Release|x86.Build.0 = Release|Any CPU
		{C994C495-3350-4ED9-8D12-DE75AB68BAF7}.Debug|Any CPU.ActiveCfg = Debug|Any CPU
		{C994C495-3350-4ED9-8D12-DE75AB68BAF7}.Debug|Any CPU.Build.0 = Debug|Any CPU
		{C994C495-3350-4ED9-8D12-DE75AB68BAF7}.Debug|x64.ActiveCfg = Debug|Any CPU
		{C994C495-3350-4ED9-8D12-DE75AB68BAF7}.Debug|x64.Build.0 = Debug|Any CPU
		{C994C495-3350-4ED9-8D12-DE75AB68BAF7}.Debug|x86.ActiveCfg = Debug|Any CPU
		{C994C495-3350-4ED9-8D12-DE75AB68BAF7}.Debug|x86.Build.0 = Debug|Any CPU
		{C994C495-3350-4ED9-8D12-DE75AB68BAF7}.Release|Any CPU.ActiveCfg = Release|Any CPU
		{C994C495-3350-4ED9-8D12-DE75AB68BAF7}.Release|Any CPU.Build.0 = Release|Any CPU
		{C994C495-3350-4ED9-8D12-DE75AB68BAF7}.Release|x64.ActiveCfg = Release|Any CPU
		{C994C495-3350-4ED9-8D12-DE75AB68BAF7}.Release|x64.Build.0 = Release|Any CPU
		{C994C495-3350-4ED9-8D12-DE75AB68BAF7}.Release|x86.ActiveCfg = Release|Any CPU
		{C994C495-3350-4ED9-8D12-DE75AB68BAF7}.Release|x86.Build.0 = Release|Any CPU
		{E59DC97B-9E1E-1763-B41D-A506EA358991}.Debug|Any CPU.ActiveCfg = Debug|Any CPU
		{E59DC97B-9E1E-1763-B41D-A506EA358991}.Debug|Any CPU.Build.0 = Debug|Any CPU
		{E59DC97B-9E1E-1763-B41D-A506EA358991}.Debug|x64.ActiveCfg = Debug|Any CPU
		{E59DC97B-9E1E-1763-B41D-A506EA358991}.Debug|x64.Build.0 = Debug|Any CPU
		{E59DC97B-9E1E-1763-B41D-A506EA358991}.Debug|x86.ActiveCfg = Debug|Any CPU
		{E59DC97B-9E1E-1763-B41D-A506EA358991}.Debug|x86.Build.0 = Debug|Any CPU
		{E59DC97B-9E1E-1763-B41D-A506EA358991}.Release|Any CPU.ActiveCfg = Release|Any CPU
		{E59DC97B-9E1E-1763-B41D-A506EA358991}.Release|Any CPU.Build.0 = Release|Any CPU
		{E59DC97B-9E1E-1763-B41D-A506EA358991}.Release|x64.ActiveCfg = Release|Any CPU
		{E59DC97B-9E1E-1763-B41D-A506EA358991}.Release|x64.Build.0 = Release|Any CPU
		{E59DC97B-9E1E-1763-B41D-A506EA358991}.Release|x86.ActiveCfg = Release|Any CPU
		{E59DC97B-9E1E-1763-B41D-A506EA358991}.Release|x86.Build.0 = Release|Any CPU
		{972468CD-260A-9E50-0A5B-94D09C25C1F2}.Debug|Any CPU.ActiveCfg = Debug|Any CPU
		{972468CD-260A-9E50-0A5B-94D09C25C1F2}.Debug|Any CPU.Build.0 = Debug|Any CPU
		{972468CD-260A-9E50-0A5B-94D09C25C1F2}.Debug|x64.ActiveCfg = Debug|Any CPU
		{972468CD-260A-9E50-0A5B-94D09C25C1F2}.Debug|x64.Build.0 = Debug|Any CPU
		{972468CD-260A-9E50-0A5B-94D09C25C1F2}.Debug|x86.ActiveCfg = Debug|Any CPU
		{972468CD-260A-9E50-0A5B-94D09C25C1F2}.Debug|x86.Build.0 = Debug|Any CPU
		{972468CD-260A-9E50-0A5B-94D09C25C1F2}.Release|Any CPU.ActiveCfg = Release|Any CPU
		{972468CD-260A-9E50-0A5B-94D09C25C1F2}.Release|Any CPU.Build.0 = Release|Any CPU
		{972468CD-260A-9E50-0A5B-94D09C25C1F2}.Release|x64.ActiveCfg = Release|Any CPU
		{972468CD-260A-9E50-0A5B-94D09C25C1F2}.Release|x64.Build.0 = Release|Any CPU
		{972468CD-260A-9E50-0A5B-94D09C25C1F2}.Release|x86.ActiveCfg = Release|Any CPU
		{972468CD-260A-9E50-0A5B-94D09C25C1F2}.Release|x86.Build.0 = Release|Any CPU
		{5D79EDAE-4CC6-9DE7-3C97-10F84FF47080}.Debug|Any CPU.ActiveCfg = Debug|Any CPU
		{5D79EDAE-4CC6-9DE7-3C97-10F84FF47080}.Debug|Any CPU.Build.0 = Debug|Any CPU
		{5D79EDAE-4CC6-9DE7-3C97-10F84FF47080}.Debug|x64.ActiveCfg = Debug|Any CPU
		{5D79EDAE-4CC6-9DE7-3C97-10F84FF47080}.Debug|x64.Build.0 = Debug|Any CPU
		{5D79EDAE-4CC6-9DE7-3C97-10F84FF47080}.Debug|x86.ActiveCfg = Debug|Any CPU
		{5D79EDAE-4CC6-9DE7-3C97-10F84FF47080}.Debug|x86.Build.0 = Debug|Any CPU
		{5D79EDAE-4CC6-9DE7-3C97-10F84FF47080}.Release|Any CPU.ActiveCfg = Release|Any CPU
		{5D79EDAE-4CC6-9DE7-3C97-10F84FF47080}.Release|Any CPU.Build.0 = Release|Any CPU
		{5D79EDAE-4CC6-9DE7-3C97-10F84FF47080}.Release|x64.ActiveCfg = Release|Any CPU
		{5D79EDAE-4CC6-9DE7-3C97-10F84FF47080}.Release|x64.Build.0 = Release|Any CPU
		{5D79EDAE-4CC6-9DE7-3C97-10F84FF47080}.Release|x86.ActiveCfg = Release|Any CPU
		{5D79EDAE-4CC6-9DE7-3C97-10F84FF47080}.Release|x86.Build.0 = Release|Any CPU
		{29183797-CE5E-59A7-9559-FB6B0E62A501}.Debug|Any CPU.ActiveCfg = Debug|Any CPU
		{29183797-CE5E-59A7-9559-FB6B0E62A501}.Debug|Any CPU.Build.0 = Debug|Any CPU
		{29183797-CE5E-59A7-9559-FB6B0E62A501}.Debug|x64.ActiveCfg = Debug|Any CPU
		{29183797-CE5E-59A7-9559-FB6B0E62A501}.Debug|x64.Build.0 = Debug|Any CPU
		{29183797-CE5E-59A7-9559-FB6B0E62A501}.Debug|x86.ActiveCfg = Debug|Any CPU
		{29183797-CE5E-59A7-9559-FB6B0E62A501}.Debug|x86.Build.0 = Debug|Any CPU
		{29183797-CE5E-59A7-9559-FB6B0E62A501}.Release|Any CPU.ActiveCfg = Release|Any CPU
		{29183797-CE5E-59A7-9559-FB6B0E62A501}.Release|Any CPU.Build.0 = Release|Any CPU
		{29183797-CE5E-59A7-9559-FB6B0E62A501}.Release|x64.ActiveCfg = Release|Any CPU
		{29183797-CE5E-59A7-9559-FB6B0E62A501}.Release|x64.Build.0 = Release|Any CPU
		{29183797-CE5E-59A7-9559-FB6B0E62A501}.Release|x86.ActiveCfg = Release|Any CPU
		{29183797-CE5E-59A7-9559-FB6B0E62A501}.Release|x86.Build.0 = Release|Any CPU
		{69232C35-94F2-4F24-B887-80E8BCD37CDA}.Debug|Any CPU.ActiveCfg = Debug|Any CPU
		{69232C35-94F2-4F24-B887-80E8BCD37CDA}.Debug|Any CPU.Build.0 = Debug|Any CPU
		{69232C35-94F2-4F24-B887-80E8BCD37CDA}.Debug|x64.ActiveCfg = Debug|Any CPU
		{69232C35-94F2-4F24-B887-80E8BCD37CDA}.Debug|x64.Build.0 = Debug|Any CPU
		{69232C35-94F2-4F24-B887-80E8BCD37CDA}.Debug|x86.ActiveCfg = Debug|Any CPU
		{69232C35-94F2-4F24-B887-80E8BCD37CDA}.Debug|x86.Build.0 = Debug|Any CPU
		{69232C35-94F2-4F24-B887-80E8BCD37CDA}.Release|Any CPU.ActiveCfg = Release|Any CPU
		{69232C35-94F2-4F24-B887-80E8BCD37CDA}.Release|Any CPU.Build.0 = Release|Any CPU
		{69232C35-94F2-4F24-B887-80E8BCD37CDA}.Release|x64.ActiveCfg = Release|Any CPU
		{69232C35-94F2-4F24-B887-80E8BCD37CDA}.Release|x64.Build.0 = Release|Any CPU
		{69232C35-94F2-4F24-B887-80E8BCD37CDA}.Release|x86.ActiveCfg = Release|Any CPU
		{69232C35-94F2-4F24-B887-80E8BCD37CDA}.Release|x86.Build.0 = Release|Any CPU
		{4BE95ECD-80F6-CD5B-EF5C-830DF42A8E3A}.Debug|Any CPU.ActiveCfg = Debug|Any CPU
		{4BE95ECD-80F6-CD5B-EF5C-830DF42A8E3A}.Debug|Any CPU.Build.0 = Debug|Any CPU
		{4BE95ECD-80F6-CD5B-EF5C-830DF42A8E3A}.Debug|x64.ActiveCfg = Debug|Any CPU
		{4BE95ECD-80F6-CD5B-EF5C-830DF42A8E3A}.Debug|x64.Build.0 = Debug|Any CPU
		{4BE95ECD-80F6-CD5B-EF5C-830DF42A8E3A}.Debug|x86.ActiveCfg = Debug|Any CPU
		{4BE95ECD-80F6-CD5B-EF5C-830DF42A8E3A}.Debug|x86.Build.0 = Debug|Any CPU
		{4BE95ECD-80F6-CD5B-EF5C-830DF42A8E3A}.Release|Any CPU.ActiveCfg = Release|Any CPU
		{4BE95ECD-80F6-CD5B-EF5C-830DF42A8E3A}.Release|Any CPU.Build.0 = Release|Any CPU
		{4BE95ECD-80F6-CD5B-EF5C-830DF42A8E3A}.Release|x64.ActiveCfg = Release|Any CPU
		{4BE95ECD-80F6-CD5B-EF5C-830DF42A8E3A}.Release|x64.Build.0 = Release|Any CPU
		{4BE95ECD-80F6-CD5B-EF5C-830DF42A8E3A}.Release|x86.ActiveCfg = Release|Any CPU
		{4BE95ECD-80F6-CD5B-EF5C-830DF42A8E3A}.Release|x86.Build.0 = Release|Any CPU
		{DEA97032-A3B7-1E8D-21C8-C3BB542C50DE}.Debug|Any CPU.ActiveCfg = Debug|Any CPU
		{DEA97032-A3B7-1E8D-21C8-C3BB542C50DE}.Debug|Any CPU.Build.0 = Debug|Any CPU
		{DEA97032-A3B7-1E8D-21C8-C3BB542C50DE}.Debug|x64.ActiveCfg = Debug|Any CPU
		{DEA97032-A3B7-1E8D-21C8-C3BB542C50DE}.Debug|x64.Build.0 = Debug|Any CPU
		{DEA97032-A3B7-1E8D-21C8-C3BB542C50DE}.Debug|x86.ActiveCfg = Debug|Any CPU
		{DEA97032-A3B7-1E8D-21C8-C3BB542C50DE}.Debug|x86.Build.0 = Debug|Any CPU
		{DEA97032-A3B7-1E8D-21C8-C3BB542C50DE}.Release|Any CPU.ActiveCfg = Release|Any CPU
		{DEA97032-A3B7-1E8D-21C8-C3BB542C50DE}.Release|Any CPU.Build.0 = Release|Any CPU
		{DEA97032-A3B7-1E8D-21C8-C3BB542C50DE}.Release|x64.ActiveCfg = Release|Any CPU
		{DEA97032-A3B7-1E8D-21C8-C3BB542C50DE}.Release|x64.Build.0 = Release|Any CPU
		{DEA97032-A3B7-1E8D-21C8-C3BB542C50DE}.Release|x86.ActiveCfg = Release|Any CPU
		{DEA97032-A3B7-1E8D-21C8-C3BB542C50DE}.Release|x86.Build.0 = Release|Any CPU
		{1DE890D1-BAFE-1BFB-38F0-29DBB5EDC76D}.Debug|Any CPU.ActiveCfg = Debug|Any CPU
		{1DE890D1-BAFE-1BFB-38F0-29DBB5EDC76D}.Debug|Any CPU.Build.0 = Debug|Any CPU
		{1DE890D1-BAFE-1BFB-38F0-29DBB5EDC76D}.Debug|x64.ActiveCfg = Debug|Any CPU
		{1DE890D1-BAFE-1BFB-38F0-29DBB5EDC76D}.Debug|x64.Build.0 = Debug|Any CPU
		{1DE890D1-BAFE-1BFB-38F0-29DBB5EDC76D}.Debug|x86.ActiveCfg = Debug|Any CPU
		{1DE890D1-BAFE-1BFB-38F0-29DBB5EDC76D}.Debug|x86.Build.0 = Debug|Any CPU
		{1DE890D1-BAFE-1BFB-38F0-29DBB5EDC76D}.Release|Any CPU.ActiveCfg = Release|Any CPU
		{1DE890D1-BAFE-1BFB-38F0-29DBB5EDC76D}.Release|Any CPU.Build.0 = Release|Any CPU
		{1DE890D1-BAFE-1BFB-38F0-29DBB5EDC76D}.Release|x64.ActiveCfg = Release|Any CPU
		{1DE890D1-BAFE-1BFB-38F0-29DBB5EDC76D}.Release|x64.Build.0 = Release|Any CPU
		{1DE890D1-BAFE-1BFB-38F0-29DBB5EDC76D}.Release|x86.ActiveCfg = Release|Any CPU
		{1DE890D1-BAFE-1BFB-38F0-29DBB5EDC76D}.Release|x86.Build.0 = Release|Any CPU
		{2C8C7D88-DC50-A334-E1C3-25FA8EC88A31}.Debug|Any CPU.ActiveCfg = Debug|Any CPU
		{2C8C7D88-DC50-A334-E1C3-25FA8EC88A31}.Debug|Any CPU.Build.0 = Debug|Any CPU
		{2C8C7D88-DC50-A334-E1C3-25FA8EC88A31}.Debug|x64.ActiveCfg = Debug|Any CPU
		{2C8C7D88-DC50-A334-E1C3-25FA8EC88A31}.Debug|x64.Build.0 = Debug|Any CPU
		{2C8C7D88-DC50-A334-E1C3-25FA8EC88A31}.Debug|x86.ActiveCfg = Debug|Any CPU
		{2C8C7D88-DC50-A334-E1C3-25FA8EC88A31}.Debug|x86.Build.0 = Debug|Any CPU
		{2C8C7D88-DC50-A334-E1C3-25FA8EC88A31}.Release|Any CPU.ActiveCfg = Release|Any CPU
		{2C8C7D88-DC50-A334-E1C3-25FA8EC88A31}.Release|Any CPU.Build.0 = Release|Any CPU
		{2C8C7D88-DC50-A334-E1C3-25FA8EC88A31}.Release|x64.ActiveCfg = Release|Any CPU
		{2C8C7D88-DC50-A334-E1C3-25FA8EC88A31}.Release|x64.Build.0 = Release|Any CPU
		{2C8C7D88-DC50-A334-E1C3-25FA8EC88A31}.Release|x86.ActiveCfg = Release|Any CPU
		{2C8C7D88-DC50-A334-E1C3-25FA8EC88A31}.Release|x86.Build.0 = Release|Any CPU
	EndGlobalSection
	GlobalSection(SolutionProperties) = preSolution
		HideSolutionNode = FALSE
	EndGlobalSection
	GlobalSection(NestedProjects) = preSolution
		{D25E7188-5B85-452A-A4BD-3BE79B3DCCFD} = {B0225786-C9E4-402B-B779-66949932B403}
		{AEF57866-B629-44B4-90C4-046B0F22DD34} = {02EA681E-C7D8-13C7-8484-4AC65E1B71E8}
		{9D0036D6-9462-4F91-B529-0C80D4C82B38} = {B0225786-C9E4-402B-B779-66949932B403}
		{C994C495-3350-4ED9-8D12-DE75AB68BAF7} = {14076C43-BDEE-45CC-8C1D-44EED2F8128D}
		{E59DC97B-9E1E-1763-B41D-A506EA358991} = {B394A389-8526-49E4-B615-1307188315DD}
		{972468CD-260A-9E50-0A5B-94D09C25C1F2} = {B394A389-8526-49E4-B615-1307188315DD}
		{5D79EDAE-4CC6-9DE7-3C97-10F84FF47080} = {B394A389-8526-49E4-B615-1307188315DD}
		{29183797-CE5E-59A7-9559-FB6B0E62A501} = {AE4B8F4C-BCBD-41AF-A9E3-A41487A25F8F}
		{69232C35-94F2-4F24-B887-80E8BCD37CDA} = {AE4B8F4C-BCBD-41AF-A9E3-A41487A25F8F}
		{B394A389-8526-49E4-B615-1307188315DD} = {BC13B2A1-F5AB-4C7F-8EF6-C3CAF1165D15}
		{AE4B8F4C-BCBD-41AF-A9E3-A41487A25F8F} = {BC13B2A1-F5AB-4C7F-8EF6-C3CAF1165D15}
		{4BE95ECD-80F6-CD5B-EF5C-830DF42A8E3A} = {B394A389-8526-49E4-B615-1307188315DD}
		{DEA97032-A3B7-1E8D-21C8-C3BB542C50DE} = {B394A389-8526-49E4-B615-1307188315DD}
		{1DE890D1-BAFE-1BFB-38F0-29DBB5EDC76D} = {B394A389-8526-49E4-B615-1307188315DD}
		{2C8C7D88-DC50-A334-E1C3-25FA8EC88A31} = {B394A389-8526-49E4-B615-1307188315DD}
	EndGlobalSection
	GlobalSection(ExtensibilityGlobals) = postSolution
		SolutionGuid = {785300F1-2D59-49F6-AA85-99636AF803CE}
	EndGlobalSection
EndGlobal
